
Microsoft Visual Studio Solution File, Format Version 12.00
# Visual Studio Version 17
VisualStudioVersion = 17.3.32929.385
MinimumVisualStudioVersion = 10.0.40219.1
Project("{8BC9CEB8-8B4A-11D0-8D11-00A0C91BC942}") = "01_WhileDowhile", "01_WhileDowhile\01_WhileDowhile.vcxproj", "{30547979-EA03-4A55-80A0-51FEA99AFA39}"
EndProject
Project("{8BC9CEB8-8B4A-11D0-8D11-00A0C91BC942}") = "02_For", "02_For\02_For.vcxproj", "{075763A1-12A1-4E4A-B0BE-01D8EFEE9FF8}"
EndProject
Project("{8BC9CEB8-8B4A-11D0-8D11-00A0C91BC942}") = "03Array", "03Array\03Array.vcxproj", "{77163D9E-409E-4D58-99C2-B5E352B1DD63}"
EndProject
Project("{8BC9CEB8-8B4A-11D0-8D11-00A0C91BC942}") = "04_TwoArr", "04_TwoArr\04_TwoArr.vcxproj", "{F15B8931-52ED-4E67-8839-7153A009EACA}"
EndProject
Project("{8BC9CEB8-8B4A-11D0-8D11-00A0C91BC942}") = "05_Functions", "05_Functions\05_Functions.vcxproj", "{B3780924-08C4-40A5-8533-287622C6C363}"
EndProject
Project("{8BC9CEB8-8B4A-11D0-8D11-00A0C91BC942}") = "06_FunctionsTemplateOverload", "06_FunctionsTemplateOverload\06_FunctionsTemplateOverload.vcxproj", "{9976A1C1-0375-427F-9C3F-A95ADE42EB52}"
EndProject
Project("{8BC9CEB8-8B4A-11D0-8D11-00A0C91BC942}") = "07_LinearSearchSort", "07_LinearSearchSort\07_LinearSearchSort.vcxproj", "{70481232-EC91-47DF-B25B-E786CDF1FCBB}"
EndProject
Project("{8BC9CEB8-8B4A-11D0-8D11-00A0C91BC942}") = "08_Recursion", "08_Recursion\08_Recursion.vcxproj", "{808213AB-0B7E-4E99-BA73-FF130BCACFAE}"
EndProject
Project("{8BC9CEB8-8B4A-11D0-8D11-00A0C91BC942}") = "09_Pointers", "09_Pointers\09_Pointers.vcxproj", "{401965D9-FB06-4428-B479-444D0F8EE055}"
EndProject
Project("{8BC9CEB8-8B4A-11D0-8D11-00A0C91BC942}") = "10_LinksSetPosSetColor", "10_LinksSetPosSetColor\10_LinksSetPosSetColor.vcxproj", "{64197775-1B57-4FEC-86B2-52DC9F0C5B03}"
EndProject
Project("{8BC9CEB8-8B4A-11D0-8D11-00A0C91BC942}") = "11_DynamicMemory", "11_DynamicMemory\11_DynamicMemory.vcxproj", "{EF6F8910-4DA8-471E-820A-D60A928AAA31}"
EndProject
Project("{8BC9CEB8-8B4A-11D0-8D11-00A0C91BC942}") = "12_CharLine", "12_CharLine\12_CharLine.vcxproj", "{B43EDD53-29A0-45D2-80C6-ED8A19AD3B3B}"
EndProject
Project("{8BC9CEB8-8B4A-11D0-8D11-00A0C91BC942}") = "13_DynamicArr", "13_DynamicArr\13_DynamicArr.vcxproj", "{24846E09-07A9-4669-BC35-6B6E397ACC7B}"
EndProject
Project("{8BC9CEB8-8B4A-11D0-8D11-00A0C91BC942}") = "14_Struct", "14_Struct\14_Struct.vcxproj", "{CC9747AC-5511-46CF-AEA7-A10A7032C8DD}"
EndProject
Global
	GlobalSection(SolutionConfigurationPlatforms) = preSolution
		Debug|x64 = Debug|x64
		Debug|x86 = Debug|x86
		Release|x64 = Release|x64
		Release|x86 = Release|x86
	EndGlobalSection
	GlobalSection(ProjectConfigurationPlatforms) = postSolution
		{30547979-EA03-4A55-80A0-51FEA99AFA39}.Debug|x64.ActiveCfg = Debug|x64
		{30547979-EA03-4A55-80A0-51FEA99AFA39}.Debug|x64.Build.0 = Debug|x64
		{30547979-EA03-4A55-80A0-51FEA99AFA39}.Debug|x86.ActiveCfg = Debug|Win32
		{30547979-EA03-4A55-80A0-51FEA99AFA39}.Debug|x86.Build.0 = Debug|Win32
		{30547979-EA03-4A55-80A0-51FEA99AFA39}.Release|x64.ActiveCfg = Release|x64
		{30547979-EA03-4A55-80A0-51FEA99AFA39}.Release|x64.Build.0 = Release|x64
		{30547979-EA03-4A55-80A0-51FEA99AFA39}.Release|x86.ActiveCfg = Release|Win32
		{30547979-EA03-4A55-80A0-51FEA99AFA39}.Release|x86.Build.0 = Release|Win32
		{075763A1-12A1-4E4A-B0BE-01D8EFEE9FF8}.Debug|x64.ActiveCfg = Debug|x64
		{075763A1-12A1-4E4A-B0BE-01D8EFEE9FF8}.Debug|x64.Build.0 = Debug|x64
		{075763A1-12A1-4E4A-B0BE-01D8EFEE9FF8}.Debug|x86.ActiveCfg = Debug|Win32
		{075763A1-12A1-4E4A-B0BE-01D8EFEE9FF8}.Debug|x86.Build.0 = Debug|Win32
		{075763A1-12A1-4E4A-B0BE-01D8EFEE9FF8}.Release|x64.ActiveCfg = Release|x64
		{075763A1-12A1-4E4A-B0BE-01D8EFEE9FF8}.Release|x64.Build.0 = Release|x64
		{075763A1-12A1-4E4A-B0BE-01D8EFEE9FF8}.Release|x86.ActiveCfg = Release|Win32
		{075763A1-12A1-4E4A-B0BE-01D8EFEE9FF8}.Release|x86.Build.0 = Release|Win32
		{77163D9E-409E-4D58-99C2-B5E352B1DD63}.Debug|x64.ActiveCfg = Debug|x64
		{77163D9E-409E-4D58-99C2-B5E352B1DD63}.Debug|x64.Build.0 = Debug|x64
		{77163D9E-409E-4D58-99C2-B5E352B1DD63}.Debug|x86.ActiveCfg = Debug|Win32
		{77163D9E-409E-4D58-99C2-B5E352B1DD63}.Debug|x86.Build.0 = Debug|Win32
		{77163D9E-409E-4D58-99C2-B5E352B1DD63}.Release|x64.ActiveCfg = Release|x64
		{77163D9E-409E-4D58-99C2-B5E352B1DD63}.Release|x64.Build.0 = Release|x64
		{77163D9E-409E-4D58-99C2-B5E352B1DD63}.Release|x86.ActiveCfg = Release|Win32
		{77163D9E-409E-4D58-99C2-B5E352B1DD63}.Release|x86.Build.0 = Release|Win32
		{F15B8931-52ED-4E67-8839-7153A009EACA}.Debug|x64.ActiveCfg = Debug|x64
		{F15B8931-52ED-4E67-8839-7153A009EACA}.Debug|x64.Build.0 = Debug|x64
		{F15B8931-52ED-4E67-8839-7153A009EACA}.Debug|x86.ActiveCfg = Debug|Win32
		{F15B8931-52ED-4E67-8839-7153A009EACA}.Debug|x86.Build.0 = Debug|Win32
		{F15B8931-52ED-4E67-8839-7153A009EACA}.Release|x64.ActiveCfg = Release|x64
		{F15B8931-52ED-4E67-8839-7153A009EACA}.Release|x64.Build.0 = Release|x64
		{F15B8931-52ED-4E67-8839-7153A009EACA}.Release|x86.ActiveCfg = Release|Win32
		{F15B8931-52ED-4E67-8839-7153A009EACA}.Release|x86.Build.0 = Release|Win32
		{B3780924-08C4-40A5-8533-287622C6C363}.Debug|x64.ActiveCfg = Debug|x64
		{B3780924-08C4-40A5-8533-287622C6C363}.Debug|x64.Build.0 = Debug|x64
		{B3780924-08C4-40A5-8533-287622C6C363}.Debug|x86.ActiveCfg = Debug|Win32
		{B3780924-08C4-40A5-8533-287622C6C363}.Debug|x86.Build.0 = Debug|Win32
		{B3780924-08C4-40A5-8533-287622C6C363}.Release|x64.ActiveCfg = Release|x64
		{B3780924-08C4-40A5-8533-287622C6C363}.Release|x64.Build.0 = Release|x64
		{B3780924-08C4-40A5-8533-287622C6C363}.Release|x86.ActiveCfg = Release|Win32
		{B3780924-08C4-40A5-8533-287622C6C363}.Release|x86.Build.0 = Release|Win32
		{9976A1C1-0375-427F-9C3F-A95ADE42EB52}.Debug|x64.ActiveCfg = Debug|x64
		{9976A1C1-0375-427F-9C3F-A95ADE42EB52}.Debug|x64.Build.0 = Debug|x64
		{9976A1C1-0375-427F-9C3F-A95ADE42EB52}.Debug|x86.ActiveCfg = Debug|Win32
		{9976A1C1-0375-427F-9C3F-A95ADE42EB52}.Debug|x86.Build.0 = Debug|Win32
		{9976A1C1-0375-427F-9C3F-A95ADE42EB52}.Release|x64.ActiveCfg = Release|x64
		{9976A1C1-0375-427F-9C3F-A95ADE42EB52}.Release|x64.Build.0 = Release|x64
		{9976A1C1-0375-427F-9C3F-A95ADE42EB52}.Release|x86.ActiveCfg = Release|Win32
		{9976A1C1-0375-427F-9C3F-A95ADE42EB52}.Release|x86.Build.0 = Release|Win32
		{70481232-EC91-47DF-B25B-E786CDF1FCBB}.Debug|x64.ActiveCfg = Debug|x64
		{70481232-EC91-47DF-B25B-E786CDF1FCBB}.Debug|x64.Build.0 = Debug|x64
		{70481232-EC91-47DF-B25B-E786CDF1FCBB}.Debug|x86.ActiveCfg = Debug|Win32
		{70481232-EC91-47DF-B25B-E786CDF1FCBB}.Debug|x86.Build.0 = Debug|Win32
		{70481232-EC91-47DF-B25B-E786CDF1FCBB}.Release|x64.ActiveCfg = Release|x64
		{70481232-EC91-47DF-B25B-E786CDF1FCBB}.Release|x64.Build.0 = Release|x64
		{70481232-EC91-47DF-B25B-E786CDF1FCBB}.Release|x86.ActiveCfg = Release|Win32
		{70481232-EC91-47DF-B25B-E786CDF1FCBB}.Release|x86.Build.0 = Release|Win32
		{808213AB-0B7E-4E99-BA73-FF130BCACFAE}.Debug|x64.ActiveCfg = Debug|x64
		{808213AB-0B7E-4E99-BA73-FF130BCACFAE}.Debug|x64.Build.0 = Debug|x64
		{808213AB-0B7E-4E99-BA73-FF130BCACFAE}.Debug|x86.ActiveCfg = Debug|Win32
		{808213AB-0B7E-4E99-BA73-FF130BCACFAE}.Debug|x86.Build.0 = Debug|Win32
		{808213AB-0B7E-4E99-BA73-FF130BCACFAE}.Release|x64.ActiveCfg = Release|x64
		{808213AB-0B7E-4E99-BA73-FF130BCACFAE}.Release|x64.Build.0 = Release|x64
		{808213AB-0B7E-4E99-BA73-FF130BCACFAE}.Release|x86.ActiveCfg = Release|Win32
		{808213AB-0B7E-4E99-BA73-FF130BCACFAE}.Release|x86.Build.0 = Release|Win32
		{401965D9-FB06-4428-B479-444D0F8EE055}.Debug|x64.ActiveCfg = Debug|x64
		{401965D9-FB06-4428-B479-444D0F8EE055}.Debug|x64.Build.0 = Debug|x64
		{401965D9-FB06-4428-B479-444D0F8EE055}.Debug|x86.ActiveCfg = Debug|Win32
		{401965D9-FB06-4428-B479-444D0F8EE055}.Debug|x86.Build.0 = Debug|Win32
		{401965D9-FB06-4428-B479-444D0F8EE055}.Release|x64.ActiveCfg = Release|x64
		{401965D9-FB06-4428-B479-444D0F8EE055}.Release|x64.Build.0 = Release|x64
		{401965D9-FB06-4428-B479-444D0F8EE055}.Release|x86.ActiveCfg = Release|Win32
		{401965D9-FB06-4428-B479-444D0F8EE055}.Release|x86.Build.0 = Release|Win32
		{64197775-1B57-4FEC-86B2-52DC9F0C5B03}.Debug|x64.ActiveCfg = Debug|x64
		{64197775-1B57-4FEC-86B2-52DC9F0C5B03}.Debug|x64.Build.0 = Debug|x64
		{64197775-1B57-4FEC-86B2-52DC9F0C5B03}.Debug|x86.ActiveCfg = Debug|Win32
		{64197775-1B57-4FEC-86B2-52DC9F0C5B03}.Debug|x86.Build.0 = Debug|Win32
		{64197775-1B57-4FEC-86B2-52DC9F0C5B03}.Release|x64.ActiveCfg = Release|x64
		{64197775-1B57-4FEC-86B2-52DC9F0C5B03}.Release|x64.Build.0 = Release|x64
		{64197775-1B57-4FEC-86B2-52DC9F0C5B03}.Release|x86.ActiveCfg = Release|Win32
		{64197775-1B57-4FEC-86B2-52DC9F0C5B03}.Release|x86.Build.0 = Release|Win32
		{EF6F8910-4DA8-471E-820A-D60A928AAA31}.Debug|x64.ActiveCfg = Debug|x64
		{EF6F8910-4DA8-471E-820A-D60A928AAA31}.Debug|x64.Build.0 = Debug|x64
		{EF6F8910-4DA8-471E-820A-D60A928AAA31}.Debug|x86.ActiveCfg = Debug|Win32
		{EF6F8910-4DA8-471E-820A-D60A928AAA31}.Debug|x86.Build.0 = Debug|Win32
		{EF6F8910-4DA8-471E-820A-D60A928AAA31}.Release|x64.ActiveCfg = Release|x64
		{EF6F8910-4DA8-471E-820A-D60A928AAA31}.Release|x64.Build.0 = Release|x64
		{EF6F8910-4DA8-471E-820A-D60A928AAA31}.Release|x86.ActiveCfg = Release|Win32
		{EF6F8910-4DA8-471E-820A-D60A928AAA31}.Release|x86.Build.0 = Release|Win32
		{B43EDD53-29A0-45D2-80C6-ED8A19AD3B3B}.Debug|x64.ActiveCfg = Debug|x64
		{B43EDD53-29A0-45D2-80C6-ED8A19AD3B3B}.Debug|x64.Build.0 = Debug|x64
		{B43EDD53-29A0-45D2-80C6-ED8A19AD3B3B}.Debug|x86.ActiveCfg = Debug|Win32
		{B43EDD53-29A0-45D2-80C6-ED8A19AD3B3B}.Debug|x86.Build.0 = Debug|Win32
		{B43EDD53-29A0-45D2-80C6-ED8A19AD3B3B}.Release|x64.ActiveCfg = Release|x64
		{B43EDD53-29A0-45D2-80C6-ED8A19AD3B3B}.Release|x64.Build.0 = Release|x64
		{B43EDD53-29A0-45D2-80C6-ED8A19AD3B3B}.Release|x86.ActiveCfg = Release|Win32
		{B43EDD53-29A0-45D2-80C6-ED8A19AD3B3B}.Release|x86.Build.0 = Release|Win32
		{24846E09-07A9-4669-BC35-6B6E397ACC7B}.Debug|x64.ActiveCfg = Debug|x64
		{24846E09-07A9-4669-BC35-6B6E397ACC7B}.Debug|x64.Build.0 = Debug|x64
		{24846E09-07A9-4669-BC35-6B6E397ACC7B}.Debug|x86.ActiveCfg = Debug|Win32
		{24846E09-07A9-4669-BC35-6B6E397ACC7B}.Debug|x86.Build.0 = Debug|Win32
		{24846E09-07A9-4669-BC35-6B6E397ACC7B}.Release|x64.ActiveCfg = Release|x64
		{24846E09-07A9-4669-BC35-6B6E397ACC7B}.Release|x64.Build.0 = Release|x64
		{24846E09-07A9-4669-BC35-6B6E397ACC7B}.Release|x86.ActiveCfg = Release|Win32
		{24846E09-07A9-4669-BC35-6B6E397ACC7B}.Release|x86.Build.0 = Release|Win32
		{CC9747AC-5511-46CF-AEA7-A10A7032C8DD}.Debug|x64.ActiveCfg = Debug|x64
		{CC9747AC-5511-46CF-AEA7-A10A7032C8DD}.Debug|x64.Build.0 = Debug|x64
		{CC9747AC-5511-46CF-AEA7-A10A7032C8DD}.Debug|x86.ActiveCfg = Debug|Win32
		{CC9747AC-5511-46CF-AEA7-A10A7032C8DD}.Debug|x86.Build.0 = Debug|Win32
		{CC9747AC-5511-46CF-AEA7-A10A7032C8DD}.Release|x64.ActiveCfg = Release|x64
		{CC9747AC-5511-46CF-AEA7-A10A7032C8DD}.Release|x64.Build.0 = Release|x64
		{CC9747AC-5511-46CF-AEA7-A10A7032C8DD}.Release|x86.ActiveCfg = Release|Win32
		{CC9747AC-5511-46CF-AEA7-A10A7032C8DD}.Release|x86.Build.0 = Release|Win32
	EndGlobalSection
	GlobalSection(SolutionProperties) = preSolution
		HideSolutionNode = FALSE
	EndGlobalSection
	GlobalSection(ExtensibilityGlobals) = postSolution
		SolutionGuid = {0FC7BB71-83CC-4A55-AE10-ECB7877F9E92}
	EndGlobalSection
EndGlobal
